{
  "name": "etc",
  "version": "1.0.0",
  "lockfileVersion": 1,
  "requires": true,
  "dependencies": {
    "mini-antui": {
      "version": "0.4.33",
      "resolved": "https://registry.npmjs.org/mini-antui/-/mini-antui-0.4.33.tgz",
      "integrity": "sha512-K65FW2/h/gsEdxaTnZJeIPPcfZs7E2GTASDaPHwmiBK0jIxfhf+cifsQ8iZB5iDCnQXBkKRYkzuQmCRzr9g3DQ=="
    }
  }
}
