{
  "requires": true,
  "lockfileVersion": 1,
  "dependencies": {
    "picker-extend": {
      "version": "2.1.0",
      "resolved": "https://registry.npmjs.org/picker-extend/-/picker-extend-2.1.0.tgz",
      "integrity": "sha512-LWOEIxeBP3l0aGlfnS420RrUuAWGJma1bDXByQhNACzOSkca7G1yBVsNXZU/ygoupnD9kqLap3UH0yYIr4c3Qw==",
      "dev": true
    }
  }
}
